
Microsoft Visual Studio Solution File, Format Version 12.00
# Visual Studio Version 17
VisualStudioVersion = 17.5.33530.505
MinimumVisualStudioVersion = 10.0.40219.1
Project("{FAE04EC0-301F-11D3-BF4B-00C04F79EFBC}") = "Vista", "Vista\Vista.csproj", "{1361EA90-5CF1-4A3F-88A9-1153D3105D2E}"
EndProject
Project("{9A19103F-16F7-4668-BE54-9A1E7A4F7556}") = "Billetes", "Billetes\Billetes.csproj", "{1BE445E1-E64C-451E-8E09-823FA86367DE}"
EndProject
Global
	GlobalSection(SolutionConfigurationPlatforms) = preSolution
		Debug|Any CPU = Debug|Any CPU
		Release|Any CPU = Release|Any CPU
	EndGlobalSection
	GlobalSection(ProjectConfigurationPlatforms) = postSolution
		{1361EA90-5CF1-4A3F-88A9-1153D3105D2E}.Debug|Any CPU.ActiveCfg = Debug|Any CPU
		{1361EA90-5CF1-4A3F-88A9-1153D3105D2E}.Debug|Any CPU.Build.0 = Debug|Any CPU
		{1361EA90-5CF1-4A3F-88A9-1153D3105D2E}.Release|Any CPU.ActiveCfg = Release|Any CPU
		{1361EA90-5CF1-4A3F-88A9-1153D3105D2E}.Release|Any CPU.Build.0 = Release|Any CPU
		{1BE445E1-E64C-451E-8E09-823FA86367DE}.Debug|Any CPU.ActiveCfg = Debug|Any CPU
		{1BE445E1-E64C-451E-8E09-823FA86367DE}.Debug|Any CPU.Build.0 = Debug|Any CPU
		{1BE445E1-E64C-451E-8E09-823FA86367DE}.Release|Any CPU.ActiveCfg = Release|Any CPU
		{1BE445E1-E64C-451E-8E09-823FA86367DE}.Release|Any CPU.Build.0 = Release|Any CPU
	EndGlobalSection
	GlobalSection(SolutionProperties) = preSolution
		HideSolutionNode = FALSE
	EndGlobalSection
	GlobalSection(ExtensibilityGlobals) = postSolution
		SolutionGuid = {B407ED2C-6082-4186-81B6-E3E9AF31A57A}
	EndGlobalSection
EndGlobal
