
Microsoft Visual Studio Solution File, Format Version 12.00
# Visual Studio Version 17
VisualStudioVersion = 17.2.32526.322
MinimumVisualStudioVersion = 10.0.40219.1
Project("{FAE04EC0-301F-11D3-BF4B-00C04F79EFBC}") = "class04-exI02", "class04-exI02\class04-exI02.csproj", "{EB856B03-7ED3-4D96-9AD9-71E6C564609A}"
EndProject
Project("{FAE04EC0-301F-11D3-BF4B-00C04F79EFBC}") = "Billetes", "Billetes\Billetes.csproj", "{8C0858CE-BC90-4BEF-AB32-B3780517BB3B}"
EndProject
Global
	GlobalSection(SolutionConfigurationPlatforms) = preSolution
		Debug|Any CPU = Debug|Any CPU
		Release|Any CPU = Release|Any CPU
	EndGlobalSection
	GlobalSection(ProjectConfigurationPlatforms) = postSolution
		{EB856B03-7ED3-4D96-9AD9-71E6C564609A}.Debug|Any CPU.ActiveCfg = Debug|Any CPU
		{EB856B03-7ED3-4D96-9AD9-71E6C564609A}.Debug|Any CPU.Build.0 = Debug|Any CPU
		{EB856B03-7ED3-4D96-9AD9-71E6C564609A}.Release|Any CPU.ActiveCfg = Release|Any CPU
		{EB856B03-7ED3-4D96-9AD9-71E6C564609A}.Release|Any CPU.Build.0 = Release|Any CPU
		{8C0858CE-BC90-4BEF-AB32-B3780517BB3B}.Debug|Any CPU.ActiveCfg = Debug|Any CPU
		{8C0858CE-BC90-4BEF-AB32-B3780517BB3B}.Debug|Any CPU.Build.0 = Debug|Any CPU
		{8C0858CE-BC90-4BEF-AB32-B3780517BB3B}.Release|Any CPU.ActiveCfg = Release|Any CPU
		{8C0858CE-BC90-4BEF-AB32-B3780517BB3B}.Release|Any CPU.Build.0 = Release|Any CPU
	EndGlobalSection
	GlobalSection(SolutionProperties) = preSolution
		HideSolutionNode = FALSE
	EndGlobalSection
	GlobalSection(ExtensibilityGlobals) = postSolution
		SolutionGuid = {685F0955-523B-4017-9456-9A7D693515A2}
	EndGlobalSection
EndGlobal
