
Microsoft Visual Studio Solution File, Format Version 12.00
# Visual Studio Version 17
VisualStudioVersion = 17.6.33717.318
MinimumVisualStudioVersion = 10.0.40219.1
Project("{FAE04EC0-301F-11D3-BF4B-00C04F79EFBC}") = "Consola", "Consola\Consola.csproj", "{BE9FC9AC-91EB-484E-AB30-43CD737BE5B3}"
EndProject
Project("{9A19103F-16F7-4668-BE54-9A1E7A4F7556}") = "Vista", "Vista\Vista.csproj", "{0EFC1EF9-BC50-494C-B164-729FA0BE3504}"
EndProject
Global
	GlobalSection(SolutionConfigurationPlatforms) = preSolution
		Debug|Any CPU = Debug|Any CPU
		Release|Any CPU = Release|Any CPU
	EndGlobalSection
	GlobalSection(ProjectConfigurationPlatforms) = postSolution
		{BE9FC9AC-91EB-484E-AB30-43CD737BE5B3}.Debug|Any CPU.ActiveCfg = Debug|Any CPU
		{BE9FC9AC-91EB-484E-AB30-43CD737BE5B3}.Debug|Any CPU.Build.0 = Debug|Any CPU
		{BE9FC9AC-91EB-484E-AB30-43CD737BE5B3}.Release|Any CPU.ActiveCfg = Release|Any CPU
		{BE9FC9AC-91EB-484E-AB30-43CD737BE5B3}.Release|Any CPU.Build.0 = Release|Any CPU
		{0EFC1EF9-BC50-494C-B164-729FA0BE3504}.Debug|Any CPU.ActiveCfg = Debug|Any CPU
		{0EFC1EF9-BC50-494C-B164-729FA0BE3504}.Debug|Any CPU.Build.0 = Debug|Any CPU
		{0EFC1EF9-BC50-494C-B164-729FA0BE3504}.Release|Any CPU.ActiveCfg = Release|Any CPU
		{0EFC1EF9-BC50-494C-B164-729FA0BE3504}.Release|Any CPU.Build.0 = Release|Any CPU
	EndGlobalSection
	GlobalSection(SolutionProperties) = preSolution
		HideSolutionNode = FALSE
	EndGlobalSection
	GlobalSection(ExtensibilityGlobals) = postSolution
		SolutionGuid = {5AA4174E-6D58-4EB0-A5D2-5C932EE307B7}
	EndGlobalSection
EndGlobal
