
Microsoft Visual Studio Solution File, Format Version 12.00
# Visual Studio Version 17
VisualStudioVersion = 17.6.33801.468
MinimumVisualStudioVersion = 10.0.40219.1
Project("{FAE04EC0-301F-11D3-BF4B-00C04F79EFBC}") = "Consola", "Consola\Consola.csproj", "{91FA82A1-EAE6-4CEE-AEAE-D847FCACB018}"
EndProject
Project("{FAE04EC0-301F-11D3-BF4B-00C04F79EFBC}") = "Biblioteca", "Biblioteca\Biblioteca.csproj", "{4BE15C83-0F89-41BF-B75C-3FE771BF75EB}"
EndProject
Global
	GlobalSection(SolutionConfigurationPlatforms) = preSolution
		Debug|Any CPU = Debug|Any CPU
		Release|Any CPU = Release|Any CPU
	EndGlobalSection
	GlobalSection(ProjectConfigurationPlatforms) = postSolution
		{91FA82A1-EAE6-4CEE-AEAE-D847FCACB018}.Debug|Any CPU.ActiveCfg = Debug|Any CPU
		{91FA82A1-EAE6-4CEE-AEAE-D847FCACB018}.Debug|Any CPU.Build.0 = Debug|Any CPU
		{91FA82A1-EAE6-4CEE-AEAE-D847FCACB018}.Release|Any CPU.ActiveCfg = Release|Any CPU
		{91FA82A1-EAE6-4CEE-AEAE-D847FCACB018}.Release|Any CPU.Build.0 = Release|Any CPU
		{4BE15C83-0F89-41BF-B75C-3FE771BF75EB}.Debug|Any CPU.ActiveCfg = Debug|Any CPU
		{4BE15C83-0F89-41BF-B75C-3FE771BF75EB}.Debug|Any CPU.Build.0 = Debug|Any CPU
		{4BE15C83-0F89-41BF-B75C-3FE771BF75EB}.Release|Any CPU.ActiveCfg = Release|Any CPU
		{4BE15C83-0F89-41BF-B75C-3FE771BF75EB}.Release|Any CPU.Build.0 = Release|Any CPU
	EndGlobalSection
	GlobalSection(SolutionProperties) = preSolution
		HideSolutionNode = FALSE
	EndGlobalSection
	GlobalSection(ExtensibilityGlobals) = postSolution
		SolutionGuid = {956E5D55-EDF4-4377-B4DD-B81F585F77BC}
	EndGlobalSection
EndGlobal
