
Microsoft Visual Studio Solution File, Format Version 12.00
# Visual Studio Version 17
VisualStudioVersion = 17.2.32526.322
MinimumVisualStudioVersion = 10.0.40219.1
Project("{FAE04EC0-301F-11D3-BF4B-00C04F79EFBC}") = "class04-exC01", "class04-exC01\class04-exC01.csproj", "{138B55A3-72EB-4CB0-B856-E6B3D0668D25}"
EndProject
Project("{FAE04EC0-301F-11D3-BF4B-00C04F79EFBC}") = "Entidades", "Entidades\Entidades.csproj", "{57917FF2-4B68-4DE9-A26B-D993EF52F1D6}"
EndProject
Global
	GlobalSection(SolutionConfigurationPlatforms) = preSolution
		Debug|Any CPU = Debug|Any CPU
		Release|Any CPU = Release|Any CPU
	EndGlobalSection
	GlobalSection(ProjectConfigurationPlatforms) = postSolution
		{138B55A3-72EB-4CB0-B856-E6B3D0668D25}.Debug|Any CPU.ActiveCfg = Debug|Any CPU
		{138B55A3-72EB-4CB0-B856-E6B3D0668D25}.Debug|Any CPU.Build.0 = Debug|Any CPU
		{138B55A3-72EB-4CB0-B856-E6B3D0668D25}.Release|Any CPU.ActiveCfg = Release|Any CPU
		{138B55A3-72EB-4CB0-B856-E6B3D0668D25}.Release|Any CPU.Build.0 = Release|Any CPU
		{57917FF2-4B68-4DE9-A26B-D993EF52F1D6}.Debug|Any CPU.ActiveCfg = Debug|Any CPU
		{57917FF2-4B68-4DE9-A26B-D993EF52F1D6}.Debug|Any CPU.Build.0 = Debug|Any CPU
		{57917FF2-4B68-4DE9-A26B-D993EF52F1D6}.Release|Any CPU.ActiveCfg = Release|Any CPU
		{57917FF2-4B68-4DE9-A26B-D993EF52F1D6}.Release|Any CPU.Build.0 = Release|Any CPU
	EndGlobalSection
	GlobalSection(SolutionProperties) = preSolution
		HideSolutionNode = FALSE
	EndGlobalSection
	GlobalSection(ExtensibilityGlobals) = postSolution
		SolutionGuid = {66794AAE-79B0-4BAB-BE09-353867CF2BDA}
	EndGlobalSection
EndGlobal
