
Microsoft Visual Studio Solution File, Format Version 12.00
# Visual Studio Version 17
VisualStudioVersion = 17.5.33530.505
MinimumVisualStudioVersion = 10.0.40219.1
Project("{FAE04EC0-301F-11D3-BF4B-00C04F79EFBC}") = "Consola", "Consola\Consola.csproj", "{B691B145-3EA6-40CD-B229-4D2DAA8CE3AF}"
EndProject
Project("{FAE04EC0-301F-11D3-BF4B-00C04F79EFBC}") = "Entidades", "Entidades\Entidades.csproj", "{1298FC06-A4D3-4487-B33C-920C1C1618D8}"
EndProject
Global
	GlobalSection(SolutionConfigurationPlatforms) = preSolution
		Debug|Any CPU = Debug|Any CPU
		Release|Any CPU = Release|Any CPU
	EndGlobalSection
	GlobalSection(ProjectConfigurationPlatforms) = postSolution
		{B691B145-3EA6-40CD-B229-4D2DAA8CE3AF}.Debug|Any CPU.ActiveCfg = Debug|Any CPU
		{B691B145-3EA6-40CD-B229-4D2DAA8CE3AF}.Debug|Any CPU.Build.0 = Debug|Any CPU
		{B691B145-3EA6-40CD-B229-4D2DAA8CE3AF}.Release|Any CPU.ActiveCfg = Release|Any CPU
		{B691B145-3EA6-40CD-B229-4D2DAA8CE3AF}.Release|Any CPU.Build.0 = Release|Any CPU
		{1298FC06-A4D3-4487-B33C-920C1C1618D8}.Debug|Any CPU.ActiveCfg = Debug|Any CPU
		{1298FC06-A4D3-4487-B33C-920C1C1618D8}.Debug|Any CPU.Build.0 = Debug|Any CPU
		{1298FC06-A4D3-4487-B33C-920C1C1618D8}.Release|Any CPU.ActiveCfg = Release|Any CPU
		{1298FC06-A4D3-4487-B33C-920C1C1618D8}.Release|Any CPU.Build.0 = Release|Any CPU
	EndGlobalSection
	GlobalSection(SolutionProperties) = preSolution
		HideSolutionNode = FALSE
	EndGlobalSection
	GlobalSection(ExtensibilityGlobals) = postSolution
		SolutionGuid = {980F8C5C-E36B-4BAE-82FF-1397A15B99ED}
	EndGlobalSection
EndGlobal
