
Microsoft Visual Studio Solution File, Format Version 12.00
# Visual Studio Version 17
VisualStudioVersion = 17.5.33530.505
MinimumVisualStudioVersion = 10.0.40219.1
Project("{FAE04EC0-301F-11D3-BF4B-00C04F79EFBC}") = "Consola", "Consola\Consola.csproj", "{C6B296A2-DC60-4BD6-92D7-4243637942D7}"
EndProject
Project("{9A19103F-16F7-4668-BE54-9A1E7A4F7556}") = "Entidades", "Entidades\Entidades.csproj", "{44CC20AB-9E16-4CAF-AD76-45185850A54D}"
EndProject
Global
	GlobalSection(SolutionConfigurationPlatforms) = preSolution
		Debug|Any CPU = Debug|Any CPU
		Release|Any CPU = Release|Any CPU
	EndGlobalSection
	GlobalSection(ProjectConfigurationPlatforms) = postSolution
		{C6B296A2-DC60-4BD6-92D7-4243637942D7}.Debug|Any CPU.ActiveCfg = Debug|Any CPU
		{C6B296A2-DC60-4BD6-92D7-4243637942D7}.Debug|Any CPU.Build.0 = Debug|Any CPU
		{C6B296A2-DC60-4BD6-92D7-4243637942D7}.Release|Any CPU.ActiveCfg = Release|Any CPU
		{C6B296A2-DC60-4BD6-92D7-4243637942D7}.Release|Any CPU.Build.0 = Release|Any CPU
		{44CC20AB-9E16-4CAF-AD76-45185850A54D}.Debug|Any CPU.ActiveCfg = Debug|Any CPU
		{44CC20AB-9E16-4CAF-AD76-45185850A54D}.Debug|Any CPU.Build.0 = Debug|Any CPU
		{44CC20AB-9E16-4CAF-AD76-45185850A54D}.Release|Any CPU.ActiveCfg = Release|Any CPU
		{44CC20AB-9E16-4CAF-AD76-45185850A54D}.Release|Any CPU.Build.0 = Release|Any CPU
	EndGlobalSection
	GlobalSection(SolutionProperties) = preSolution
		HideSolutionNode = FALSE
	EndGlobalSection
	GlobalSection(ExtensibilityGlobals) = postSolution
		SolutionGuid = {12E451F6-1BCA-49FC-B894-390E0F2B8474}
	EndGlobalSection
EndGlobal
