
Microsoft Visual Studio Solution File, Format Version 12.00
# Visual Studio Version 17
VisualStudioVersion = 17.5.33530.505
MinimumVisualStudioVersion = 10.0.40219.1
Project("{FAE04EC0-301F-11D3-BF4B-00C04F79EFBC}") = "Consola", "Consola\Consola.csproj", "{147DB754-1660-4122-BA06-0E47F6620DE2}"
EndProject
Project("{FAE04EC0-301F-11D3-BF4B-00C04F79EFBC}") = "Entidades", "Entidades\Entidades.csproj", "{7F321ACA-EA8A-4319-BB5A-094CDF0DEE0F}"
EndProject
Global
	GlobalSection(SolutionConfigurationPlatforms) = preSolution
		Debug|Any CPU = Debug|Any CPU
		Release|Any CPU = Release|Any CPU
	EndGlobalSection
	GlobalSection(ProjectConfigurationPlatforms) = postSolution
		{147DB754-1660-4122-BA06-0E47F6620DE2}.Debug|Any CPU.ActiveCfg = Debug|Any CPU
		{147DB754-1660-4122-BA06-0E47F6620DE2}.Debug|Any CPU.Build.0 = Debug|Any CPU
		{147DB754-1660-4122-BA06-0E47F6620DE2}.Release|Any CPU.ActiveCfg = Release|Any CPU
		{147DB754-1660-4122-BA06-0E47F6620DE2}.Release|Any CPU.Build.0 = Release|Any CPU
		{7F321ACA-EA8A-4319-BB5A-094CDF0DEE0F}.Debug|Any CPU.ActiveCfg = Debug|Any CPU
		{7F321ACA-EA8A-4319-BB5A-094CDF0DEE0F}.Debug|Any CPU.Build.0 = Debug|Any CPU
		{7F321ACA-EA8A-4319-BB5A-094CDF0DEE0F}.Release|Any CPU.ActiveCfg = Release|Any CPU
		{7F321ACA-EA8A-4319-BB5A-094CDF0DEE0F}.Release|Any CPU.Build.0 = Release|Any CPU
	EndGlobalSection
	GlobalSection(SolutionProperties) = preSolution
		HideSolutionNode = FALSE
	EndGlobalSection
	GlobalSection(ExtensibilityGlobals) = postSolution
		SolutionGuid = {26A94E78-9FBB-489A-BECE-9461827BBF41}
	EndGlobalSection
EndGlobal
