
Microsoft Visual Studio Solution File, Format Version 12.00
# Visual Studio Version 17
VisualStudioVersion = 17.5.33530.505
MinimumVisualStudioVersion = 10.0.40219.1
Project("{FAE04EC0-301F-11D3-BF4B-00C04F79EFBC}") = "Consola", "Consola\Consola.csproj", "{ABEE6F94-820B-4D18-AE21-D98B9DEFBF8B}"
EndProject
Project("{FAE04EC0-301F-11D3-BF4B-00C04F79EFBC}") = "Entidades", "Entidades\Entidades.csproj", "{336565EC-9B6B-4328-9A51-7D8CD2435186}"
EndProject
Global
	GlobalSection(SolutionConfigurationPlatforms) = preSolution
		Debug|Any CPU = Debug|Any CPU
		Release|Any CPU = Release|Any CPU
	EndGlobalSection
	GlobalSection(ProjectConfigurationPlatforms) = postSolution
		{ABEE6F94-820B-4D18-AE21-D98B9DEFBF8B}.Debug|Any CPU.ActiveCfg = Debug|Any CPU
		{ABEE6F94-820B-4D18-AE21-D98B9DEFBF8B}.Debug|Any CPU.Build.0 = Debug|Any CPU
		{ABEE6F94-820B-4D18-AE21-D98B9DEFBF8B}.Release|Any CPU.ActiveCfg = Release|Any CPU
		{ABEE6F94-820B-4D18-AE21-D98B9DEFBF8B}.Release|Any CPU.Build.0 = Release|Any CPU
		{336565EC-9B6B-4328-9A51-7D8CD2435186}.Debug|Any CPU.ActiveCfg = Debug|Any CPU
		{336565EC-9B6B-4328-9A51-7D8CD2435186}.Debug|Any CPU.Build.0 = Debug|Any CPU
		{336565EC-9B6B-4328-9A51-7D8CD2435186}.Release|Any CPU.ActiveCfg = Release|Any CPU
		{336565EC-9B6B-4328-9A51-7D8CD2435186}.Release|Any CPU.Build.0 = Release|Any CPU
	EndGlobalSection
	GlobalSection(SolutionProperties) = preSolution
		HideSolutionNode = FALSE
	EndGlobalSection
	GlobalSection(ExtensibilityGlobals) = postSolution
		SolutionGuid = {273D01F9-3042-475C-AE58-AC3A23F74C64}
	EndGlobalSection
EndGlobal
