
Microsoft Visual Studio Solution File, Format Version 12.00
# Visual Studio Version 17
VisualStudioVersion = 17.6.33717.318
MinimumVisualStudioVersion = 10.0.40219.1
Project("{FAE04EC0-301F-11D3-BF4B-00C04F79EFBC}") = "Consola", "Consola\Consola.csproj", "{74BF9EC2-90A7-4CED-8513-C4279315EB71}"
EndProject
Project("{9A19103F-16F7-4668-BE54-9A1E7A4F7556}") = "Entidades", "Entidades\Entidades.csproj", "{A4F607F8-6671-453D-BC0B-BA331E5219E0}"
EndProject
Project("{9A19103F-16F7-4668-BE54-9A1E7A4F7556}") = "Vista", "Vista\Vista.csproj", "{457AFFF2-F058-45AC-9B0A-43626C37C45F}"
EndProject
Global
	GlobalSection(SolutionConfigurationPlatforms) = preSolution
		Debug|Any CPU = Debug|Any CPU
		Release|Any CPU = Release|Any CPU
	EndGlobalSection
	GlobalSection(ProjectConfigurationPlatforms) = postSolution
		{74BF9EC2-90A7-4CED-8513-C4279315EB71}.Debug|Any CPU.ActiveCfg = Debug|Any CPU
		{74BF9EC2-90A7-4CED-8513-C4279315EB71}.Debug|Any CPU.Build.0 = Debug|Any CPU
		{74BF9EC2-90A7-4CED-8513-C4279315EB71}.Release|Any CPU.ActiveCfg = Release|Any CPU
		{74BF9EC2-90A7-4CED-8513-C4279315EB71}.Release|Any CPU.Build.0 = Release|Any CPU
		{A4F607F8-6671-453D-BC0B-BA331E5219E0}.Debug|Any CPU.ActiveCfg = Debug|Any CPU
		{A4F607F8-6671-453D-BC0B-BA331E5219E0}.Debug|Any CPU.Build.0 = Debug|Any CPU
		{A4F607F8-6671-453D-BC0B-BA331E5219E0}.Release|Any CPU.ActiveCfg = Release|Any CPU
		{A4F607F8-6671-453D-BC0B-BA331E5219E0}.Release|Any CPU.Build.0 = Release|Any CPU
		{457AFFF2-F058-45AC-9B0A-43626C37C45F}.Debug|Any CPU.ActiveCfg = Debug|Any CPU
		{457AFFF2-F058-45AC-9B0A-43626C37C45F}.Debug|Any CPU.Build.0 = Debug|Any CPU
		{457AFFF2-F058-45AC-9B0A-43626C37C45F}.Release|Any CPU.ActiveCfg = Release|Any CPU
		{457AFFF2-F058-45AC-9B0A-43626C37C45F}.Release|Any CPU.Build.0 = Release|Any CPU
	EndGlobalSection
	GlobalSection(SolutionProperties) = preSolution
		HideSolutionNode = FALSE
	EndGlobalSection
	GlobalSection(ExtensibilityGlobals) = postSolution
		SolutionGuid = {2B788CCA-8C9F-48E6-803D-335FDC522484}
	EndGlobalSection
EndGlobal
